
Microsoft Visual Studio Solution File, Format Version 12.00
# Visual Studio Version 16
VisualStudioVersion = 16.0.30204.135
MinimumVisualStudioVersion = 10.0.40219.1
Project("{9A19103F-16F7-4668-BE54-9A1E7A4F7556}") = "FrontendAPI", "FrontendAPI\FrontendAPI.csproj", "{0264EA5F-38C8-44BE-A58C-67508BC9D977}"
EndProject
Project("{9A19103F-16F7-4668-BE54-9A1E7A4F7556}") = "FrontendConsoleApp", "FrontendConsoleApp\FrontendConsoleApp.csproj", "{392968D8-D57C-4F8C-84F2-F230B1B3498F}"
EndProject
Project("{9A19103F-16F7-4668-BE54-9A1E7A4F7556}") = "SourceSystem", "SourceSystem\SourceSystem.csproj", "{9E0A740C-828E-449B-BE99-FEBF3B3B01A2}"
EndProject
Project("{FAE04EC0-301F-11D3-BF4B-00C04F79EFBC}") = "BackendService", "BackendService\BackendService.csproj", "{82288F3C-1DE9-4192-A6CD-8E41E0FC261F}"
EndProject
Global
	GlobalSection(SolutionConfigurationPlatforms) = preSolution
		Debug|Any CPU = Debug|Any CPU
		Release|Any CPU = Release|Any CPU
	EndGlobalSection
	GlobalSection(ProjectConfigurationPlatforms) = postSolution
		{0264EA5F-38C8-44BE-A58C-67508BC9D977}.Debug|Any CPU.ActiveCfg = Debug|Any CPU
		{0264EA5F-38C8-44BE-A58C-67508BC9D977}.Debug|Any CPU.Build.0 = Debug|Any CPU
		{0264EA5F-38C8-44BE-A58C-67508BC9D977}.Release|Any CPU.ActiveCfg = Release|Any CPU
		{0264EA5F-38C8-44BE-A58C-67508BC9D977}.Release|Any CPU.Build.0 = Release|Any CPU
		{392968D8-D57C-4F8C-84F2-F230B1B3498F}.Debug|Any CPU.ActiveCfg = Debug|Any CPU
		{392968D8-D57C-4F8C-84F2-F230B1B3498F}.Debug|Any CPU.Build.0 = Debug|Any CPU
		{392968D8-D57C-4F8C-84F2-F230B1B3498F}.Release|Any CPU.ActiveCfg = Release|Any CPU
		{392968D8-D57C-4F8C-84F2-F230B1B3498F}.Release|Any CPU.Build.0 = Release|Any CPU
		{9E0A740C-828E-449B-BE99-FEBF3B3B01A2}.Debug|Any CPU.ActiveCfg = Debug|Any CPU
		{9E0A740C-828E-449B-BE99-FEBF3B3B01A2}.Debug|Any CPU.Build.0 = Debug|Any CPU
		{9E0A740C-828E-449B-BE99-FEBF3B3B01A2}.Release|Any CPU.ActiveCfg = Release|Any CPU
		{9E0A740C-828E-449B-BE99-FEBF3B3B01A2}.Release|Any CPU.Build.0 = Release|Any CPU
		{82288F3C-1DE9-4192-A6CD-8E41E0FC261F}.Debug|Any CPU.ActiveCfg = Debug|Any CPU
		{82288F3C-1DE9-4192-A6CD-8E41E0FC261F}.Debug|Any CPU.Build.0 = Debug|Any CPU
		{82288F3C-1DE9-4192-A6CD-8E41E0FC261F}.Release|Any CPU.ActiveCfg = Release|Any CPU
		{82288F3C-1DE9-4192-A6CD-8E41E0FC261F}.Release|Any CPU.Build.0 = Release|Any CPU
	EndGlobalSection
	GlobalSection(SolutionProperties) = preSolution
		HideSolutionNode = FALSE
	EndGlobalSection
	GlobalSection(ExtensibilityGlobals) = postSolution
		SolutionGuid = {13DDE372-B03D-4C51-9794-BAC2CBAD2250}
	EndGlobalSection
EndGlobal
